// !$*UTF8*$!
{
	archiveVersion = 1;
	classes = {
	};
	objectVersion = 56;
	objects = {

/* Begin PBXBuildFile section */
		70FF86C02A7BAF8500238AE7 /* ToDoListApp.swift in Sources */ = {isa = PBXBuildFile; fileRef = 70FF86BF2A7BAF8500238AE7 /* ToDoListApp.swift */; };
		70FF86C22A7BAF8500238AE7 /* MainView.swift in Sources */ = {isa = PBXBuildFile; fileRef = 70FF86C12A7BAF8500238AE7 /* MainView.swift */; };
		70FF86C42A7BAF8700238AE7 /* Assets.xcassets in Resources */ = {isa = PBXBuildFile; fileRef = 70FF86C32A7BAF8700238AE7 /* Assets.xcassets */; };
		70FF86C72A7BAF8700238AE7 /* Preview Assets.xcassets in Resources */ = {isa = PBXBuildFile; fileRef = 70FF86C62A7BAF8700238AE7 /* Preview Assets.xcassets */; };
		70FF86CF2A7BB05300238AE7 /* FirebaseAuth in Frameworks */ = {isa = PBXBuildFile; productRef = 70FF86CE2A7BB05300238AE7 /* FirebaseAuth */; };
		70FF86D12A7BB05300238AE7 /* FirebaseFirestore in Frameworks */ = {isa = PBXBuildFile; productRef = 70FF86D02A7BB05300238AE7 /* FirebaseFirestore */; };
		70FF86D32A7BB05300238AE7 /* FirebaseFirestoreSwift in Frameworks */ = {isa = PBXBuildFile; productRef = 70FF86D22A7BB05300238AE7 /* FirebaseFirestoreSwift */; };
		70FF86D72A7BB26F00238AE7 /* GoogleService-Info.plist in Resources */ = {isa = PBXBuildFile; fileRef = 70FF86D62A7BB26F00238AE7 /* GoogleService-Info.plist */; };
		70FF86DD2A7BB77300238AE7 /* ProfileView.swift in Sources */ = {isa = PBXBuildFile; fileRef = 70FF86DC2A7BB77300238AE7 /* ProfileView.swift */; };
		70FF86DF2A7BB7AB00238AE7 /* ToDoListView.swift in Sources */ = {isa = PBXBuildFile; fileRef = 70FF86DE2A7BB7AB00238AE7 /* ToDoListView.swift */; };
		70FF86E12A7BB7BC00238AE7 /* NewItemView.swift in Sources */ = {isa = PBXBuildFile; fileRef = 70FF86E02A7BB7BC00238AE7 /* NewItemView.swift */; };
		70FF86E32A7BB7C300238AE7 /* LoginView.swift in Sources */ = {isa = PBXBuildFile; fileRef = 70FF86E22A7BB7C300238AE7 /* LoginView.swift */; };
		70FF86E52A7BB7D200238AE7 /* RegisterView.swift in Sources */ = {isa = PBXBuildFile; fileRef = 70FF86E42A7BB7D200238AE7 /* RegisterView.swift */; };
		70FF86E72A7BB8D900238AE7 /* ToDoListItemView.swift in Sources */ = {isa = PBXBuildFile; fileRef = 70FF86E62A7BB8D900238AE7 /* ToDoListItemView.swift */; };
		70FF86E92A7BB90000238AE7 /* MainViewViewModel.swift in Sources */ = {isa = PBXBuildFile; fileRef = 70FF86E82A7BB90000238AE7 /* MainViewViewModel.swift */; };
		70FF86EB2A7BB90E00238AE7 /* ProfileViewViewModel.swift in Sources */ = {isa = PBXBuildFile; fileRef = 70FF86EA2A7BB90E00238AE7 /* ProfileViewViewModel.swift */; };
		70FF86ED2A7BB91D00238AE7 /* ToDoListViewViewModel.swift in Sources */ = {isa = PBXBuildFile; fileRef = 70FF86EC2A7BB91D00238AE7 /* ToDoListViewViewModel.swift */; };
		70FF86EF2A7BB92800238AE7 /* NewItemViewViewModel.swift in Sources */ = {isa = PBXBuildFile; fileRef = 70FF86EE2A7BB92800238AE7 /* NewItemViewViewModel.swift */; };
		70FF86F12A7BB93200238AE7 /* LoginViewViewModel.swift in Sources */ = {isa = PBXBuildFile; fileRef = 70FF86F02A7BB93200238AE7 /* LoginViewViewModel.swift */; };
		70FF86F32A7BB93E00238AE7 /* RegisterViewViewModel.swift in Sources */ = {isa = PBXBuildFile; fileRef = 70FF86F22A7BB93E00238AE7 /* RegisterViewViewModel.swift */; };
		70FF86F52A7BB94D00238AE7 /* ToDoListItemViewViewModel.swift in Sources */ = {isa = PBXBuildFile; fileRef = 70FF86F42A7BB94D00238AE7 /* ToDoListItemViewViewModel.swift */; };
		70FF86F92A7BB97500238AE7 /* Users.swift in Sources */ = {isa = PBXBuildFile; fileRef = 70FF86F82A7BB97500238AE7 /* Users.swift */; };
		70FF86FB2A7BB98600238AE7 /* ToDoListItem.swift in Sources */ = {isa = PBXBuildFile; fileRef = 70FF86FA2A7BB98600238AE7 /* ToDoListItem.swift */; };
		70FF86FD2A7BBCC900238AE7 /* HeaderView.swift in Sources */ = {isa = PBXBuildFile; fileRef = 70FF86FC2A7BBCC900238AE7 /* HeaderView.swift */; };
		70FF86FF2A7BC57700238AE7 /* TLButton.swift in Sources */ = {isa = PBXBuildFile; fileRef = 70FF86FE2A7BC57700238AE7 /* TLButton.swift */; };
		70FF87012A7BD36300238AE7 /* extensions.swift in Sources */ = {isa = PBXBuildFile; fileRef = 70FF87002A7BD36300238AE7 /* extensions.swift */; };
/* End PBXBuildFile section */

/* Begin PBXFileReference section */
		70FF86BC2A7BAF8500238AE7 /* ToDoList.app */ = {isa = PBXFileReference; explicitFileType = wrapper.application; includeInIndex = 0; path = ToDoList.app; sourceTree = BUILT_PRODUCTS_DIR; };
		70FF86BF2A7BAF8500238AE7 /* ToDoListApp.swift */ = {isa = PBXFileReference; lastKnownFileType = sourcecode.swift; path = ToDoListApp.swift; sourceTree = "<group>"; };
		70FF86C12A7BAF8500238AE7 /* MainView.swift */ = {isa = PBXFileReference; lastKnownFileType = sourcecode.swift; path = MainView.swift; sourceTree = "<group>"; };
		70FF86C32A7BAF8700238AE7 /* Assets.xcassets */ = {isa = PBXFileReference; lastKnownFileType = folder.assetcatalog; path = Assets.xcassets; sourceTree = "<group>"; };
		70FF86C62A7BAF8700238AE7 /* Preview Assets.xcassets */ = {isa = PBXFileReference; lastKnownFileType = folder.assetcatalog; path = "Preview Assets.xcassets"; sourceTree = "<group>"; };
		70FF86D62A7BB26F00238AE7 /* GoogleService-Info.plist */ = {isa = PBXFileReference; fileEncoding = 4; lastKnownFileType = text.plist.xml; path = "GoogleService-Info.plist"; sourceTree = "<group>"; };
		70FF86DC2A7BB77300238AE7 /* ProfileView.swift */ = {isa = PBXFileReference; lastKnownFileType = sourcecode.swift; path = ProfileView.swift; sourceTree = "<group>"; };
		70FF86DE2A7BB7AB00238AE7 /* ToDoListView.swift */ = {isa = PBXFileReference; lastKnownFileType = sourcecode.swift; path = ToDoListView.swift; sourceTree = "<group>"; };
		70FF86E02A7BB7BC00238AE7 /* NewItemView.swift */ = {isa = PBXFileReference; lastKnownFileType = sourcecode.swift; path = NewItemView.swift; sourceTree = "<group>"; };
		70FF86E22A7BB7C300238AE7 /* LoginView.swift */ = {isa = PBXFileReference; lastKnownFileType = sourcecode.swift; path = LoginView.swift; sourceTree = "<group>"; };
		70FF86E42A7BB7D200238AE7 /* RegisterView.swift */ = {isa = PBXFileReference; lastKnownFileType = sourcecode.swift; path = RegisterView.swift; sourceTree = "<group>"; };
		70FF86E62A7BB8D900238AE7 /* ToDoListItemView.swift */ = {isa = PBXFileReference; lastKnownFileType = sourcecode.swift; path = ToDoListItemView.swift; sourceTree = "<group>"; };
		70FF86E82A7BB90000238AE7 /* MainViewViewModel.swift */ = {isa = PBXFileReference; lastKnownFileType = sourcecode.swift; path = MainViewViewModel.swift; sourceTree = "<group>"; };
		70FF86EA2A7BB90E00238AE7 /* ProfileViewViewModel.swift */ = {isa = PBXFileReference; lastKnownFileType = sourcecode.swift; path = ProfileViewViewModel.swift; sourceTree = "<group>"; };
		70FF86EC2A7BB91D00238AE7 /* ToDoListViewViewModel.swift */ = {isa = PBXFileReference; lastKnownFileType = sourcecode.swift; path = ToDoListViewViewModel.swift; sourceTree = "<group>"; };
		70FF86EE2A7BB92800238AE7 /* NewItemViewViewModel.swift */ = {isa = PBXFileReference; lastKnownFileType = sourcecode.swift; path = NewItemViewViewModel.swift; sourceTree = "<group>"; };
		70FF86F02A7BB93200238AE7 /* LoginViewViewModel.swift */ = {isa = PBXFileReference; lastKnownFileType = sourcecode.swift; path = LoginViewViewModel.swift; sourceTree = "<group>"; };
		70FF86F22A7BB93E00238AE7 /* RegisterViewViewModel.swift */ = {isa = PBXFileReference; lastKnownFileType = sourcecode.swift; path = RegisterViewViewModel.swift; sourceTree = "<group>"; };
		70FF86F42A7BB94D00238AE7 /* ToDoListItemViewViewModel.swift */ = {isa = PBXFileReference; lastKnownFileType = sourcecode.swift; path = ToDoListItemViewViewModel.swift; sourceTree = "<group>"; };
		70FF86F82A7BB97500238AE7 /* Users.swift */ = {isa = PBXFileReference; lastKnownFileType = sourcecode.swift; path = Users.swift; sourceTree = "<group>"; };
		70FF86FA2A7BB98600238AE7 /* ToDoListItem.swift */ = {isa = PBXFileReference; lastKnownFileType = sourcecode.swift; path = ToDoListItem.swift; sourceTree = "<group>"; };
		70FF86FC2A7BBCC900238AE7 /* HeaderView.swift */ = {isa = PBXFileReference; lastKnownFileType = sourcecode.swift; path = HeaderView.swift; sourceTree = "<group>"; };
		70FF86FE2A7BC57700238AE7 /* TLButton.swift */ = {isa = PBXFileReference; lastKnownFileType = sourcecode.swift; path = TLButton.swift; sourceTree = "<group>"; };
		70FF87002A7BD36300238AE7 /* extensions.swift */ = {isa = PBXFileReference; lastKnownFileType = sourcecode.swift; path = extensions.swift; sourceTree = "<group>"; };
/* End PBXFileReference section */

/* Begin PBXFrameworksBuildPhase section */
		70FF86B92A7BAF8500238AE7 /* Frameworks */ = {
			isa = PBXFrameworksBuildPhase;
			buildActionMask = 2147483647;
			files = (
				70FF86CF2A7BB05300238AE7 /* FirebaseAuth in Frameworks */,
				70FF86D12A7BB05300238AE7 /* FirebaseFirestore in Frameworks */,
				70FF86D32A7BB05300238AE7 /* FirebaseFirestoreSwift in Frameworks */,
			);
			runOnlyForDeploymentPostprocessing = 0;
		};
/* End PBXFrameworksBuildPhase section */

/* Begin PBXGroup section */
		70FF86B32A7BAF8500238AE7 = {
			isa = PBXGroup;
			children = (
				70FF86BE2A7BAF8500238AE7 /* ToDoList */,
				70FF86BD2A7BAF8500238AE7 /* Products */,
			);
			sourceTree = "<group>";
		};
		70FF86BD2A7BAF8500238AE7 /* Products */ = {
			isa = PBXGroup;
			children = (
				70FF86BC2A7BAF8500238AE7 /* ToDoList.app */,
			);
			name = Products;
			sourceTree = "<group>";
		};
		70FF86BE2A7BAF8500238AE7 /* ToDoList */ = {
			isa = PBXGroup;
			children = (
				70FF86DB2A7BB61700238AE7 /* Others */,
				70FF86DA2A7BB5E300238AE7 /* Models */,
				70FF86D92A7BB5D600238AE7 /* ViewModels */,
				70FF86D82A7BB5CD00238AE7 /* Views */,
				70FF86C52A7BAF8700238AE7 /* Preview Content */,
			);
			path = ToDoList;
			sourceTree = "<group>";
		};
		70FF86C52A7BAF8700238AE7 /* Preview Content */ = {
			isa = PBXGroup;
			children = (
				70FF86C62A7BAF8700238AE7 /* Preview Assets.xcassets */,
			);
			path = "Preview Content";
			sourceTree = "<group>";
		};
		70FF86D82A7BB5CD00238AE7 /* Views */ = {
			isa = PBXGroup;
			children = (
				70FF86C12A7BAF8500238AE7 /* MainView.swift */,
				70FF86DC2A7BB77300238AE7 /* ProfileView.swift */,
				70FF86DE2A7BB7AB00238AE7 /* ToDoListView.swift */,
				70FF86E62A7BB8D900238AE7 /* ToDoListItemView.swift */,
				70FF86E02A7BB7BC00238AE7 /* NewItemView.swift */,
				70FF86E22A7BB7C300238AE7 /* LoginView.swift */,
				70FF86E42A7BB7D200238AE7 /* RegisterView.swift */,
				70FF86FC2A7BBCC900238AE7 /* HeaderView.swift */,
				70FF86FE2A7BC57700238AE7 /* TLButton.swift */,
			);
			path = Views;
			sourceTree = "<group>";
		};
		70FF86D92A7BB5D600238AE7 /* ViewModels */ = {
			isa = PBXGroup;
			children = (
				70FF86E82A7BB90000238AE7 /* MainViewViewModel.swift */,
				70FF86EA2A7BB90E00238AE7 /* ProfileViewViewModel.swift */,
				70FF86EC2A7BB91D00238AE7 /* ToDoListViewViewModel.swift */,
				70FF86EE2A7BB92800238AE7 /* NewItemViewViewModel.swift */,
				70FF86F02A7BB93200238AE7 /* LoginViewViewModel.swift */,
				70FF86F22A7BB93E00238AE7 /* RegisterViewViewModel.swift */,
				70FF86F42A7BB94D00238AE7 /* ToDoListItemViewViewModel.swift */,
			);
			path = ViewModels;
			sourceTree = "<group>";
		};
		70FF86DA2A7BB5E300238AE7 /* Models */ = {
			isa = PBXGroup;
			children = (
				70FF86F82A7BB97500238AE7 /* Users.swift */,
				70FF86FA2A7BB98600238AE7 /* ToDoListItem.swift */,
			);
			path = Models;
			sourceTree = "<group>";
		};
		70FF86DB2A7BB61700238AE7 /* Others */ = {
			isa = PBXGroup;
			children = (
				70FF86C32A7BAF8700238AE7 /* Assets.xcassets */,
				70FF86D62A7BB26F00238AE7 /* GoogleService-Info.plist */,
				70FF86BF2A7BAF8500238AE7 /* ToDoListApp.swift */,
				70FF87002A7BD36300238AE7 /* extensions.swift */,
			);
			path = Others;
			sourceTree = "<group>";
		};
/* End PBXGroup section */

/* Begin PBXNativeTarget section */
		70FF86BB2A7BAF8500238AE7 /* ToDoList */ = {
			isa = PBXNativeTarget;
			buildConfigurationList = 70FF86CA2A7BAF8700238AE7 /* Build configuration list for PBXNativeTarget "ToDoList" */;
			buildPhases = (
				70FF86B82A7BAF8500238AE7 /* Sources */,
				70FF86B92A7BAF8500238AE7 /* Frameworks */,
				70FF86BA2A7BAF8500238AE7 /* Resources */,
			);
			buildRules = (
			);
			dependencies = (
			);
			name = ToDoList;
			packageProductDependencies = (
				70FF86CE2A7BB05300238AE7 /* FirebaseAuth */,
				70FF86D02A7BB05300238AE7 /* FirebaseFirestore */,
				70FF86D22A7BB05300238AE7 /* FirebaseFirestoreSwift */,
			);
			productName = ToDoList;
			productReference = 70FF86BC2A7BAF8500238AE7 /* ToDoList.app */;
			productType = "com.apple.product-type.application";
		};
/* End PBXNativeTarget section */

/* Begin PBXProject section */
		70FF86B42A7BAF8500238AE7 /* Project object */ = {
			isa = PBXProject;
			attributes = {
				BuildIndependentTargetsInParallel = 1;
				LastSwiftUpdateCheck = 1430;
				LastUpgradeCheck = 1430;
				TargetAttributes = {
					70FF86BB2A7BAF8500238AE7 = {
						CreatedOnToolsVersion = 14.3.1;
					};
				};
			};
			buildConfigurationList = 70FF86B72A7BAF8500238AE7 /* Build configuration list for PBXProject "ToDoList" */;
			compatibilityVersion = "Xcode 14.0";
			developmentRegion = en;
			hasScannedForEncodings = 0;
			knownRegions = (
				en,
				Base,
			);
			mainGroup = 70FF86B32A7BAF8500238AE7;
			packageReferences = (
				70FF86CD2A7BB05300238AE7 /* XCRemoteSwiftPackageReference "firebase-ios-sdk" */,
			);
			productRefGroup = 70FF86BD2A7BAF8500238AE7 /* Products */;
			projectDirPath = "";
			projectRoot = "";
			targets = (
				70FF86BB2A7BAF8500238AE7 /* ToDoList */,
			);
		};
/* End PBXProject section */

/* Begin PBXResourcesBuildPhase section */
		70FF86BA2A7BAF8500238AE7 /* Resources */ = {
			isa = PBXResourcesBuildPhase;
			buildActionMask = 2147483647;
			files = (
				70FF86C72A7BAF8700238AE7 /* Preview Assets.xcassets in Resources */,
				70FF86D72A7BB26F00238AE7 /* GoogleService-Info.plist in Resources */,
				70FF86C42A7BAF8700238AE7 /* Assets.xcassets in Resources */,
			);
			runOnlyForDeploymentPostprocessing = 0;
		};
/* End PBXResourcesBuildPhase section */

/* Begin PBXSourcesBuildPhase section */
		70FF86B82A7BAF8500238AE7 /* Sources */ = {
			isa = PBXSourcesBuildPhase;
			buildActionMask = 2147483647;
			files = (
				70FF86E32A7BB7C300238AE7 /* LoginView.swift in Sources */,
				70FF86FD2A7BBCC900238AE7 /* HeaderView.swift in Sources */,
				70FF86C22A7BAF8500238AE7 /* MainView.swift in Sources */,
				70FF86E92A7BB90000238AE7 /* MainViewViewModel.swift in Sources */,
				70FF86DD2A7BB77300238AE7 /* ProfileView.swift in Sources */,
				70FF86E52A7BB7D200238AE7 /* RegisterView.swift in Sources */,
				70FF86DF2A7BB7AB00238AE7 /* ToDoListView.swift in Sources */,
				70FF86FF2A7BC57700238AE7 /* TLButton.swift in Sources */,
				70FF86F32A7BB93E00238AE7 /* RegisterViewViewModel.swift in Sources */,
				70FF86F52A7BB94D00238AE7 /* ToDoListItemViewViewModel.swift in Sources */,
				70FF86F92A7BB97500238AE7 /* Users.swift in Sources */,
				70FF86F12A7BB93200238AE7 /* LoginViewViewModel.swift in Sources */,
				70FF86E72A7BB8D900238AE7 /* ToDoListItemView.swift in Sources */,
				70FF86FB2A7BB98600238AE7 /* ToDoListItem.swift in Sources */,
				70FF86EB2A7BB90E00238AE7 /* ProfileViewViewModel.swift in Sources */,
				70FF87012A7BD36300238AE7 /* extensions.swift in Sources */,
				70FF86C02A7BAF8500238AE7 /* ToDoListApp.swift in Sources */,
				70FF86EF2A7BB92800238AE7 /* NewItemViewViewModel.swift in Sources */,
				70FF86ED2A7BB91D00238AE7 /* ToDoListViewViewModel.swift in Sources */,
				70FF86E12A7BB7BC00238AE7 /* NewItemView.swift in Sources */,
			);
			runOnlyForDeploymentPostprocessing = 0;
		};
/* End PBXSourcesBuildPhase section */

/* Begin XCBuildConfiguration section */
		70FF86C82A7BAF8700238AE7 /* Debug */ = {
			isa = XCBuildConfiguration;
			buildSettings = {
				ALWAYS_SEARCH_USER_PATHS = NO;
				CLANG_ANALYZER_NONNULL = YES;
				CLANG_ANALYZER_NUMBER_OBJECT_CONVERSION = YES_AGGRESSIVE;
				CLANG_CXX_LANGUAGE_STANDARD = "gnu++20";
				CLANG_ENABLE_MODULES = YES;
				CLANG_ENABLE_OBJC_ARC = YES;
				CLANG_ENABLE_OBJC_WEAK = YES;
				CLANG_WARN_BLOCK_CAPTURE_AUTORELEASING = YES;
				CLANG_WARN_BOOL_CONVERSION = YES;
				CLANG_WARN_COMMA = YES;
				CLANG_WARN_CONSTANT_CONVERSION = YES;
				CLANG_WARN_DEPRECATED_OBJC_IMPLEMENTATIONS = YES;
				CLANG_WARN_DIRECT_OBJC_ISA_USAGE = YES_ERROR;
				CLANG_WARN_DOCUMENTATION_COMMENTS = YES;
				CLANG_WARN_EMPTY_BODY = YES;
				CLANG_WARN_ENUM_CONVERSION = YES;
				CLANG_WARN_INFINITE_RECURSION = YES;
				CLANG_WARN_INT_CONVERSION = YES;
				CLANG_WARN_NON_LITERAL_NULL_CONVERSION = YES;
				CLANG_WARN_OBJC_IMPLICIT_RETAIN_SELF = YES;
				CLANG_WARN_OBJC_LITERAL_CONVERSION = YES;
				CLANG_WARN_OBJC_ROOT_CLASS = YES_ERROR;
				CLANG_WARN_QUOTED_INCLUDE_IN_FRAMEWORK_HEADER = YES;
				CLANG_WARN_RANGE_LOOP_ANALYSIS = YES;
				CLANG_WARN_STRICT_PROTOTYPES = YES;
				CLANG_WARN_SUSPICIOUS_MOVE = YES;
				CLANG_WARN_UNGUARDED_AVAILABILITY = YES_AGGRESSIVE;
				CLANG_WARN_UNREACHABLE_CODE = YES;
				CLANG_WARN__DUPLICATE_METHOD_MATCH = YES;
				COPY_PHASE_STRIP = NO;
				DEBUG_INFORMATION_FORMAT = dwarf;
				ENABLE_STRICT_OBJC_MSGSEND = YES;
				ENABLE_TESTABILITY = YES;
				GCC_C_LANGUAGE_STANDARD = gnu11;
				GCC_DYNAMIC_NO_PIC = NO;
				GCC_NO_COMMON_BLOCKS = YES;
				GCC_OPTIMIZATION_LEVEL = 0;
				GCC_PREPROCESSOR_DEFINITIONS = (
					"DEBUG=1",
					"$(inherited)",
				);
				GCC_WARN_64_TO_32_BIT_CONVERSION = YES;
				GCC_WARN_ABOUT_RETURN_TYPE = YES_ERROR;
				GCC_WARN_UNDECLARED_SELECTOR = YES;
				GCC_WARN_UNINITIALIZED_AUTOS = YES_AGGRESSIVE;
				GCC_WARN_UNUSED_FUNCTION = YES;
				GCC_WARN_UNUSED_VARIABLE = YES;
				IPHONEOS_DEPLOYMENT_TARGET = 16.4;
				MTL_ENABLE_DEBUG_INFO = INCLUDE_SOURCE;
				MTL_FAST_MATH = YES;
				ONLY_ACTIVE_ARCH = YES;
				SDKROOT = iphoneos;
				SWIFT_ACTIVE_COMPILATION_CONDITIONS = DEBUG;
				SWIFT_OPTIMIZATION_LEVEL = "-Onone";
			};
			name = Debug;
		};
		70FF86C92A7BAF8700238AE7 /* Release */ = {
			isa = XCBuildConfiguration;
			buildSettings = {
				ALWAYS_SEARCH_USER_PATHS = NO;
				CLANG_ANALYZER_NONNULL = YES;
				CLANG_ANALYZER_NUMBER_OBJECT_CONVERSION = YES_AGGRESSIVE;
				CLANG_CXX_LANGUAGE_STANDARD = "gnu++20";
				CLANG_ENABLE_MODULES = YES;
				CLANG_ENABLE_OBJC_ARC = YES;
				CLANG_ENABLE_OBJC_WEAK = YES;
				CLANG_WARN_BLOCK_CAPTURE_AUTORELEASING = YES;
				CLANG_WARN_BOOL_CONVERSION = YES;
				CLANG_WARN_COMMA = YES;
				CLANG_WARN_CONSTANT_CONVERSION = YES;
				CLANG_WARN_DEPRECATED_OBJC_IMPLEMENTATIONS = YES;
				CLANG_WARN_DIRECT_OBJC_ISA_USAGE = YES_ERROR;
				CLANG_WARN_DOCUMENTATION_COMMENTS = YES;
				CLANG_WARN_EMPTY_BODY = YES;
				CLANG_WARN_ENUM_CONVERSION = YES;
				CLANG_WARN_INFINITE_RECURSION = YES;
				CLANG_WARN_INT_CONVERSION = YES;
				CLANG_WARN_NON_LITERAL_NULL_CONVERSION = YES;
				CLANG_WARN_OBJC_IMPLICIT_RETAIN_SELF = YES;
				CLANG_WARN_OBJC_LITERAL_CONVERSION = YES;
				CLANG_WARN_OBJC_ROOT_CLASS = YES_ERROR;
				CLANG_WARN_QUOTED_INCLUDE_IN_FRAMEWORK_HEADER = YES;
				CLANG_WARN_RANGE_LOOP_ANALYSIS = YES;
				CLANG_WARN_STRICT_PROTOTYPES = YES;
				CLANG_WARN_SUSPICIOUS_MOVE = YES;
				CLANG_WARN_UNGUARDED_AVAILABILITY = YES_AGGRESSIVE;
				CLANG_WARN_UNREACHABLE_CODE = YES;
				CLANG_WARN__DUPLICATE_METHOD_MATCH = YES;
				COPY_PHASE_STRIP = NO;
				DEBUG_INFORMATION_FORMAT = "dwarf-with-dsym";
				ENABLE_NS_ASSERTIONS = NO;
				ENABLE_STRICT_OBJC_MSGSEND = YES;
				GCC_C_LANGUAGE_STANDARD = gnu11;
				GCC_NO_COMMON_BLOCKS = YES;
				GCC_WARN_64_TO_32_BIT_CONVERSION = YES;
				GCC_WARN_ABOUT_RETURN_TYPE = YES_ERROR;
				GCC_WARN_UNDECLARED_SELECTOR = YES;
				GCC_WARN_UNINITIALIZED_AUTOS = YES_AGGRESSIVE;
				GCC_WARN_UNUSED_FUNCTION = YES;
				GCC_WARN_UNUSED_VARIABLE = YES;
				IPHONEOS_DEPLOYMENT_TARGET = 16.4;
				MTL_ENABLE_DEBUG_INFO = NO;
				MTL_FAST_MATH = YES;
				SDKROOT = iphoneos;
				SWIFT_COMPILATION_MODE = wholemodule;
				SWIFT_OPTIMIZATION_LEVEL = "-O";
				VALIDATE_PRODUCT = YES;
			};
			name = Release;
		};
		70FF86CB2A7BAF8700238AE7 /* Debug */ = {
			isa = XCBuildConfiguration;
			buildSettings = {
				ASSETCATALOG_COMPILER_APPICON_NAME = AppIcon;
				ASSETCATALOG_COMPILER_GLOBAL_ACCENT_COLOR_NAME = AccentColor;
				CODE_SIGN_STYLE = Automatic;
				CURRENT_PROJECT_VERSION = 1;
				DEVELOPMENT_ASSET_PATHS = "\"ToDoList/Preview Content\"";
				DEVELOPMENT_TEAM = 5LVCGY9AV3;
				ENABLE_PREVIEWS = YES;
				GENERATE_INFOPLIST_FILE = YES;
				INFOPLIST_KEY_UIApplicationSceneManifest_Generation = YES;
				INFOPLIST_KEY_UIApplicationSupportsIndirectInputEvents = YES;
				INFOPLIST_KEY_UILaunchScreen_Generation = YES;
				INFOPLIST_KEY_UISupportedInterfaceOrientations = UIInterfaceOrientationPortrait;
				LD_RUNPATH_SEARCH_PATHS = (
					"$(inherited)",
					"@executable_path/Frameworks",
				);
				MARKETING_VERSION = 1.0;
				PRODUCT_BUNDLE_IDENTIFIER = com.ToDo.ToDoList;
				PRODUCT_NAME = "$(TARGET_NAME)";
				SWIFT_EMIT_LOC_STRINGS = YES;
				SWIFT_VERSION = 5.0;
				TARGETED_DEVICE_FAMILY = "1,2";
			};
			name = Debug;
		};
		70FF86CC2A7BAF8700238AE7 /* Release */ = {
			isa = XCBuildConfiguration;
			buildSettings = {
				ASSETCATALOG_COMPILER_APPICON_NAME = AppIcon;
				ASSETCATALOG_COMPILER_GLOBAL_ACCENT_COLOR_NAME = AccentColor;
				CODE_SIGN_STYLE = Automatic;
				CURRENT_PROJECT_VERSION = 1;
				DEVELOPMENT_ASSET_PATHS = "\"ToDoList/Preview Content\"";
				DEVELOPMENT_TEAM = 5LVCGY9AV3;
				ENABLE_PREVIEWS = YES;
				GENERATE_INFOPLIST_FILE = YES;
				INFOPLIST_KEY_UIApplicationSceneManifest_Generation = YES;
				INFOPLIST_KEY_UIApplicationSupportsIndirectInputEvents = YES;
				INFOPLIST_KEY_UILaunchScreen_Generation = YES;
				INFOPLIST_KEY_UISupportedInterfaceOrientations = UIInterfaceOrientationPortrait;
				LD_RUNPATH_SEARCH_PATHS = (
					"$(inherited)",
					"@executable_path/Frameworks",
				);
				MARKETING_VERSION = 1.0;
				PRODUCT_BUNDLE_IDENTIFIER = com.ToDo.ToDoList;
				PRODUCT_NAME = "$(TARGET_NAME)";
				SWIFT_EMIT_LOC_STRINGS = YES;
				SWIFT_VERSION = 5.0;
				TARGETED_DEVICE_FAMILY = "1,2";
			};
			name = Release;
		};
/* End XCBuildConfiguration section */

/* Begin XCConfigurationList section */
		70FF86B72A7BAF8500238AE7 /* Build configuration list for PBXProject "ToDoList" */ = {
			isa = XCConfigurationList;
			buildConfigurations = (
				70FF86C82A7BAF8700238AE7 /* Debug */,
				70FF86C92A7BAF8700238AE7 /* Release */,
			);
			defaultConfigurationIsVisible = 0;
			defaultConfigurationName = Release;
		};
		70FF86CA2A7BAF8700238AE7 /* Build configuration list for PBXNativeTarget "ToDoList" */ = {
			isa = XCConfigurationList;
			buildConfigurations = (
				70FF86CB2A7BAF8700238AE7 /* Debug */,
				70FF86CC2A7BAF8700238AE7 /* Release */,
			);
			defaultConfigurationIsVisible = 0;
			defaultConfigurationName = Release;
		};
/* End XCConfigurationList section */

/* Begin XCRemoteSwiftPackageReference section */
		70FF86CD2A7BB05300238AE7 /* XCRemoteSwiftPackageReference "firebase-ios-sdk" */ = {
			isa = XCRemoteSwiftPackageReference;
			repositoryURL = "https://github.com/firebase/firebase-ios-sdk";
			requirement = {
				kind = upToNextMajorVersion;
				minimumVersion = 10.0.0;
			};
		};
/* End XCRemoteSwiftPackageReference section */

/* Begin XCSwiftPackageProductDependency section */
		70FF86CE2A7BB05300238AE7 /* FirebaseAuth */ = {
			isa = XCSwiftPackageProductDependency;
			package = 70FF86CD2A7BB05300238AE7 /* XCRemoteSwiftPackageReference "firebase-ios-sdk" */;
			productName = FirebaseAuth;
		};
		70FF86D02A7BB05300238AE7 /* FirebaseFirestore */ = {
			isa = XCSwiftPackageProductDependency;
			package = 70FF86CD2A7BB05300238AE7 /* XCRemoteSwiftPackageReference "firebase-ios-sdk" */;
			productName = FirebaseFirestore;
		};
		70FF86D22A7BB05300238AE7 /* FirebaseFirestoreSwift */ = {
			isa = XCSwiftPackageProductDependency;
			package = 70FF86CD2A7BB05300238AE7 /* XCRemoteSwiftPackageReference "firebase-ios-sdk" */;
			productName = FirebaseFirestoreSwift;
		};
/* End XCSwiftPackageProductDependency section */
	};
	rootObject = 70FF86B42A7BAF8500238AE7 /* Project object */;
}
